
Microsoft Visual Studio Solution File, Format Version 12.00
# Visual Studio 15
VisualStudioVersion = 15.0.28307.438
MinimumVisualStudioVersion = 10.0.40219.1
Project("{E24C65DC-7377-472B-9ABA-BC803B73C61A}") = "tcp-server", ".", "{95009CAA-FF6F-4961-AF63-82EEE2C10835}"
	ProjectSection(WebsiteProperties) = preProject
		TargetFrameworkMoniker = ".NETFramework,Version%3Dv4.0"
		Debug.AspNetCompiler.VirtualPath = "/localhost_49772"
		Debug.AspNetCompiler.PhysicalPath = "..\tcp-server\"
		Debug.AspNetCompiler.TargetPath = "PrecompiledWeb\localhost_49772\"
		Debug.AspNetCompiler.Updateable = "true"
		Debug.AspNetCompiler.ForceOverwrite = "true"
		Debug.AspNetCompiler.FixedNames = "false"
		Debug.AspNetCompiler.Debug = "True"
		Release.AspNetCompiler.VirtualPath = "/localhost_49772"
		Release.AspNetCompiler.PhysicalPath = "..\tcp-server\"
		Release.AspNetCompiler.TargetPath = "PrecompiledWeb\localhost_49772\"
		Release.AspNetCompiler.Updateable = "true"
		Release.AspNetCompiler.ForceOverwrite = "true"
		Release.AspNetCompiler.FixedNames = "false"
		Release.AspNetCompiler.Debug = "False"
		VWDPort = "49772"
		SlnRelativePath = "..\tcp-server\"
	EndProjectSection
EndProject
Global
	GlobalSection(SolutionConfigurationPlatforms) = preSolution
		Debug|Any CPU = Debug|Any CPU
	EndGlobalSection
	GlobalSection(ProjectConfigurationPlatforms) = postSolution
		{95009CAA-FF6F-4961-AF63-82EEE2C10835}.Debug|Any CPU.ActiveCfg = Debug|Any CPU
		{95009CAA-FF6F-4961-AF63-82EEE2C10835}.Debug|Any CPU.Build.0 = Debug|Any CPU
	EndGlobalSection
	GlobalSection(SolutionProperties) = preSolution
		HideSolutionNode = FALSE
	EndGlobalSection
	GlobalSection(ExtensibilityGlobals) = postSolution
		SolutionGuid = {DA884E35-E0B5-47BD-AE97-C2EACF2F75FF}
	EndGlobalSection
EndGlobal
